
Microsoft Visual Studio Solution File, Format Version 12.00
# Visual Studio 15
VisualStudioVersion = 15.0.28010.2046
MinimumVisualStudioVersion = 10.0.40219.1
Project("{FAE04EC0-301F-11D3-BF4B-00C04F79EFBC}") = "quicksort", "Recursion_tests\quicksort.csproj", "{C0DCC9C3-1F70-4DBB-BEF8-463FEEEE0883}"
EndProject
Project("{FAE04EC0-301F-11D3-BF4B-00C04F79EFBC}") = "Fibonacci_test", "Fibonacci_test\Fibonacci_test.csproj", "{948E429E-716D-44DD-A24D-0EFAA4364094}"
EndProject
Project("{FAE04EC0-301F-11D3-BF4B-00C04F79EFBC}") = "Max", "Bubble\Max.csproj", "{7452626A-588A-4C60-93D9-49E1C436AF2F}"
EndProject
Project("{FAE04EC0-301F-11D3-BF4B-00C04F79EFBC}") = "faktorial", "faktorial\faktorial.csproj", "{D316C215-9B2C-47BC-BBC9-4C78E4517788}"
EndProject
Project("{FAE04EC0-301F-11D3-BF4B-00C04F79EFBC}") = "Iter_Binary_search", "Binary_search\Iter_Binary_search.csproj", "{705AFEA7-31CC-4C61-BE68-DB52067394CA}"
EndProject
Global
	GlobalSection(SolutionConfigurationPlatforms) = preSolution
		Debug|Any CPU = Debug|Any CPU
		Release|Any CPU = Release|Any CPU
	EndGlobalSection
	GlobalSection(ProjectConfigurationPlatforms) = postSolution
		{C0DCC9C3-1F70-4DBB-BEF8-463FEEEE0883}.Debug|Any CPU.ActiveCfg = Debug|Any CPU
		{C0DCC9C3-1F70-4DBB-BEF8-463FEEEE0883}.Debug|Any CPU.Build.0 = Debug|Any CPU
		{C0DCC9C3-1F70-4DBB-BEF8-463FEEEE0883}.Release|Any CPU.ActiveCfg = Release|Any CPU
		{C0DCC9C3-1F70-4DBB-BEF8-463FEEEE0883}.Release|Any CPU.Build.0 = Release|Any CPU
		{948E429E-716D-44DD-A24D-0EFAA4364094}.Debug|Any CPU.ActiveCfg = Debug|Any CPU
		{948E429E-716D-44DD-A24D-0EFAA4364094}.Debug|Any CPU.Build.0 = Debug|Any CPU
		{948E429E-716D-44DD-A24D-0EFAA4364094}.Release|Any CPU.ActiveCfg = Release|Any CPU
		{948E429E-716D-44DD-A24D-0EFAA4364094}.Release|Any CPU.Build.0 = Release|Any CPU
		{7452626A-588A-4C60-93D9-49E1C436AF2F}.Debug|Any CPU.ActiveCfg = Debug|Any CPU
		{7452626A-588A-4C60-93D9-49E1C436AF2F}.Debug|Any CPU.Build.0 = Debug|Any CPU
		{7452626A-588A-4C60-93D9-49E1C436AF2F}.Release|Any CPU.ActiveCfg = Release|Any CPU
		{7452626A-588A-4C60-93D9-49E1C436AF2F}.Release|Any CPU.Build.0 = Release|Any CPU
		{D316C215-9B2C-47BC-BBC9-4C78E4517788}.Debug|Any CPU.ActiveCfg = Debug|Any CPU
		{D316C215-9B2C-47BC-BBC9-4C78E4517788}.Debug|Any CPU.Build.0 = Debug|Any CPU
		{D316C215-9B2C-47BC-BBC9-4C78E4517788}.Release|Any CPU.ActiveCfg = Release|Any CPU
		{D316C215-9B2C-47BC-BBC9-4C78E4517788}.Release|Any CPU.Build.0 = Release|Any CPU
		{705AFEA7-31CC-4C61-BE68-DB52067394CA}.Debug|Any CPU.ActiveCfg = Debug|Any CPU
		{705AFEA7-31CC-4C61-BE68-DB52067394CA}.Debug|Any CPU.Build.0 = Debug|Any CPU
		{705AFEA7-31CC-4C61-BE68-DB52067394CA}.Release|Any CPU.ActiveCfg = Release|Any CPU
		{705AFEA7-31CC-4C61-BE68-DB52067394CA}.Release|Any CPU.Build.0 = Release|Any CPU
	EndGlobalSection
	GlobalSection(SolutionProperties) = preSolution
		HideSolutionNode = FALSE
	EndGlobalSection
	GlobalSection(ExtensibilityGlobals) = postSolution
		SolutionGuid = {2819C3F6-7374-4221-AF4C-4B2FA3372BDC}
	EndGlobalSection
EndGlobal
